
Microsoft Visual Studio Solution File, Format Version 12.00
# Visual Studio Version 17
VisualStudioVersion = 17.4.33213.308
MinimumVisualStudioVersion = 10.0.40219.1
Project("{FAE04EC0-301F-11D3-BF4B-00C04F79EFBC}") = "Assignment2OOPBookStore", "Assignment2OOPBookStore\Assignment2OOPBookStore.csproj", "{6EC464EA-A90C-4CCF-9F24-51439907202A}"
EndProject
Global
	GlobalSection(SolutionConfigurationPlatforms) = preSolution
		Debug|Any CPU = Debug|Any CPU
		Release|Any CPU = Release|Any CPU
	EndGlobalSection
	GlobalSection(ProjectConfigurationPlatforms) = postSolution
		{6EC464EA-A90C-4CCF-9F24-51439907202A}.Debug|Any CPU.ActiveCfg = Debug|Any CPU
		{6EC464EA-A90C-4CCF-9F24-51439907202A}.Debug|Any CPU.Build.0 = Debug|Any CPU
		{6EC464EA-A90C-4CCF-9F24-51439907202A}.Release|Any CPU.ActiveCfg = Release|Any CPU
		{6EC464EA-A90C-4CCF-9F24-51439907202A}.Release|Any CPU.Build.0 = Release|Any CPU
	EndGlobalSection
	GlobalSection(SolutionProperties) = preSolution
		HideSolutionNode = FALSE
	EndGlobalSection
	GlobalSection(ExtensibilityGlobals) = postSolution
		SolutionGuid = {D57EB05E-0E64-41F0-A77E-5F3F56A0C057}
	EndGlobalSection
EndGlobal
